
Microsoft Visual Studio Solution File, Format Version 12.00
# Visual Studio 15
VisualStudioVersion = 15.0.28307.168
MinimumVisualStudioVersion = 10.0.40219.1
Project("{FAE04EC0-301F-11D3-BF4B-00C04F79EFBC}") = "simer", "simer\simer.csproj", "{817CEC17-902B-48CD-B2F4-084EA32D7811}"
EndProject
Global
	GlobalSection(SolutionConfigurationPlatforms) = preSolution
		Debug|Any CPU = Debug|Any CPU
		Release|Any CPU = Release|Any CPU
	EndGlobalSection
	GlobalSection(ProjectConfigurationPlatforms) = postSolution
		{817CEC17-902B-48CD-B2F4-084EA32D7811}.Debug|Any CPU.ActiveCfg = Debug|Any CPU
		{817CEC17-902B-48CD-B2F4-084EA32D7811}.Debug|Any CPU.Build.0 = Debug|Any CPU
		{817CEC17-902B-48CD-B2F4-084EA32D7811}.Release|Any CPU.ActiveCfg = Release|Any CPU
		{817CEC17-902B-48CD-B2F4-084EA32D7811}.Release|Any CPU.Build.0 = Release|Any CPU
	EndGlobalSection
	GlobalSection(SolutionProperties) = preSolution
		HideSolutionNode = FALSE
	EndGlobalSection
	GlobalSection(ExtensibilityGlobals) = postSolution
		SolutionGuid = {4A37F9BB-4725-4B88-AEB5-16219AD35FA6}
	EndGlobalSection
EndGlobal
